d9f3b17ddbbe1bba48917c3a679807b01c39c4a1ce776efdbdfbb7a1680e86e4  lib/tagged.cyr
d7a14f337a9e8c67ac95023cddf58614a21d8aacd2eb1736da798843ccf0deba  lib/syscalls_macos.cyr
d614ae2ff9261256a3e29068e400ac2f0342d3a7e5a4651aa9cef2399bafbbfa  lib/bayan.cyr
90d01355e0fd6e0e621d38d418e9ac1095b1efcf7e94c9b5e7b78603727c2e1b  lib/mmap.cyr
8a3e4378e75eefbf7e6d8d098449dbe909f9b9b80a2a72624adb250eb4335c09  lib/str.cyr
15cfae186336b82046c1786c71befa1050722fedab3d91824c35703aa4bb9b85  lib/alloc_agnos.cyr
ef04e8a97cb8519ba99fc80aaf8c49e7475f15eb1d924b900e6222ee34c5058f  lib/alloc_macos.cyr
c7b3bf5beebddc082d4fa643a7113deaf26d0fd80dd5cd70ba0e3c21671107d0  lib/fs_win.cyr
d5877d16113051fb95dae31717efc679c94b17a34667805b56e52a345bc48f8f  lib/freelist.cyr
28e06035578fbe26a2e7ab5c9935bc2f076a6c3be6827472720ffefbd72d8829  lib/sakshi.cyr
7b045871f231519e65f28a4b7abfbae6dd8e586ce03053fd367b3a119e8303c9  lib/atomic.cyr
58291642ada12d5df693b28db17609f90cc09e286d509d02dcc0c1e256f8b2ca  lib/agnosys.cyr
ff14f0d7999956754937f612c0aa60719c138f0967a81019cf99e08aae088087  lib/string.cyr
7b619c21305568511f23b1a5787e557a6634cc7e730aa58661eff821b157d197  lib/process.cyr
0d1dc162866327cdea376c2177090cfdfc4779227c15d2da0d04fffc058e738d  lib/alloc.cyr
330d37f0cff16d1418178ccc3e42d089e81b67a5125faa8c8e8c29763f62eb3e  lib/syscalls_x86_64_linux.cyr
28f392fc59d07625b2edd62e56debf32ab127547ecd2b31600d4cab655f84c38  lib/syscalls_x86_64_agnos.cyr
150bb9efad587ae139d8df81d62c7578c8ab20d3c6964004908929657b597c12  lib/fmt.cyr
c9e220ca9bcb929cbc682e9b7eed7086b3b5a90474d562b600e137fde85eb7f0  lib/assert.cyr
2d4e4d3c902703abe307a598e3368da133daac9dbb7dde208461959d203e3caf  lib/chrono.cyr
861dedc4d9c07fcf1e431551e469890953a1b02e321354585742c1ed281a9fcf  lib/syscalls.cyr
0230ab283eee5e5da862775815ac68e0eaf97cbf684d960c0158856939c00a9c  lib/alloc_windows.cyr
1a8aa9ac6b49d89da233d478640db9c74c03892d063f9956c1413f39a5803f3d  lib/process_agnos.cyr
641444a7dd9591070a657d7ea4a2efefe5166d7a328df1467b3d8f6e4d409baf  lib/syscalls_aarch64_linux.cyr
7c8e98e648eb43861751b0299c3e1e513a6769993d512aa30ec973a5c3fa59cb  lib/bench.cyr
19bcb006802c5d158ce1b9e0090a07da7e4d1092236f9850c61ebcbf294021c4  lib/vec.cyr
87540ed1297b5e118b3611952be0eb474082a7204e92a8a0915f6e0eb89c53c1  lib/fs.cyr
d83d92e02960f1db7c636a05a12aa3a78e2c62e5d5e5ad9a196c07d3dd76ff2a  lib/io.cyr
724cb440922e89ff60c76eba23670eeee53b9d1f3ffdde31ebe2e2f9badda9ed  lib/slice.cyr
9fd6444e8cfcf7950837e955473adc5bab6d7bf4fa2c15f8ce2578360c4100eb  lib/hashmap.cyr
af30844628c715c51cad83addf05c9de4fb12d4b84f97801322448b2df1091b1  lib/fnptr.cyr
39fe97dbac447954aa0db7846d0236514dc083b3e3aa93b13484dab682f5abc1  lib/syscalls_windows.cyr
96e804b93e6a3abe62ba72fc5fbaeac7c28d56d701eb9515b670681d56ed75c1  lib/syscalls_linux_common.cyr
7965be5a82ff91be4fbf3dae692c6d4cd5465f0ccaab602e5710cc706f8fbbd9  lib/process_win.cyr
55ffe9a910b214a8dd6fcafce5ee1ba5c86ff8e4f7d79f9c32068019bd013c71  lib/result.cyr
