b1593105548307531c309458f9b701acae223eea8878cf1b2197f07fc260f591  lib/alloc.cyr
69e92cc4b67f1a936f94c92ce8a4c66673758b84dba385e96fbeaa46fa692b4c  lib/alloc_agnos.cyr
c3b7f80d39f39610f44bebf34ba8f31c82eb85b1a7b7ff5327ef5a81e4945889  lib/alloc_cx.cyr
03922b263b4a771d7104c6dcc30b4b029c6fe40ec93fec6a0ee38ec61f7e7dd8  lib/alloc_macos.cyr
6feb5ef16178a4da10e5cb1fa0ad91e94da8d0d64d76822ea818e70dba5c118e  lib/alloc_windows.cyr
27c9752b70e797b43d30204e5077749526144495ba7021b1272067f3236d81f9  lib/args_agnos.cyr
99f96283da419ad9f01d076269411c3d5214b6007a92d1bbe2356ab906a5d1a1  lib/args_macos.cyr
65b99d174e411037dc1662bea183fe4c67835760eda848063d352e590219d955  lib/assert.cyr
a31cbf049f4611a63fffbc022826d69b03d71b0a29b18bdb5ea00b6cd88823b8  lib/atomic.cyr
d4b6693389b9e024a9e569510c7ee363bc976b6aaf7093084a2cb756d0d1caf1  lib/bayan.cyr
5b68cbb944143fa110d8ddb587f7ed7092ba70cae08a8d16482a14f00b47694e  lib/bench.cyr
bcb81fae9cba3b8f13073c1d2b88a49bc7fe0ce8b95b69f2fa63a87f43f44161  lib/boxed.cyr
5db91d3be98070b7936db9eb217da38a49e8682efad126bb921f1bc202a2c3c7  lib/chrono.cyr
224c9d1685b2a0859abbc1a8a01bc5570660a3aaf90a7ccfb468e38d0cf3af5f  lib/fmt.cyr
2f9d210e9280506f280bbd10a7b26b76c7990360a97fb7701f348bfe76fbb291  lib/fnptr.cyr
812d57d8411be685c653ecc0d644bd8e6b366691ee78dee5518a446bafdb309f  lib/freelist.cyr
19ef7aca99dc58acebb8fcafb9961aeac2b09c720af03ce0e15bd8088319a30d  lib/fs.cyr
c7b3bf5beebddc082d4fa643a7113deaf26d0fd80dd5cd70ba0e3c21671107d0  lib/fs_win.cyr
b34890c61d62738208106abb6d06f483819e2e01a7ac7899274542b05fdee2df  lib/hashmap.cyr
920daeb96fca4aac103d39bd74bd8d2120e58205788fedaff0cbb353b1ab8a9d  lib/hashseed.cyr
c44b0a94507a05b190b6592e3b77692a51b39d6ee483344f8ebbe421072ec669  lib/io.cyr
18c4b2c680e33d42cd2c294c18cfa2251f10a5ad32fc67a939fd3fce86141570  lib/mmap.cyr
02901646f659ab56893ae7df87d0e80be0f07e56e3b5249994aef9aa4879273a  lib/process.cyr
3ba078bd7edbe94fb35842af051dcadd67ea31c85364ef93f4a64f29d0ae455d  lib/process_agnos.cyr
8fc5eb6332d07d410850ed8bc31f9387ed51886d506ef9f6f8c79d848dbd58d2  lib/process_win.cyr
66f2a7e4a5523da13da19c94d5d6d5ac14635fbba10c3bc4f950241a3b26cd10  lib/result.cyr
6027b62a4c17484637db4e5da5a7ae6dceed923db1ec28312ebf1c4c619dcec1  lib/sakshi.cyr
25f840dbf3a90b983c72afb33416b233d511cbc3298e768cd912bfa325204755  lib/slice.cyr
0176f2a450ab48b902e3b62112b913d1e2045467ddfe56ceba4339bd68e46967  lib/str.cyr
cf6d59104caf9904342400eba0df08b6c19f2124a446f5fab27b543df9b9b222  lib/string.cyr
fce45f7d4d11df38e99724e67486c8c7196adc0606005f8ded89d25f2ccaada5  lib/sys.cyr
8360ef6cfc3d615a0d7f6b9b2a2475f0fa586df095b7d73851401a8d0a9b16be  lib/syscalls.cyr
b0c1e8c27864f8593086b820ef33d4dcec356a281f31068042fafc53995ac816  lib/syscalls_aarch64_linux.cyr
79d5455618f4c96b09f5fd979ecc21cb1bc06fcfe0744e9e34a5ee025163ed3b  lib/syscalls_linux_common.cyr
50bcc2e0a75e1732a80212d0daed861eb7e97e3bdbe2e170b5520d597dab8fbc  lib/syscalls_macos.cyr
bee8952b062aca1cb80a077a9e7f391d2a450fb61c17bde1d73450dba90c105a  lib/syscalls_windows.cyr
db27a01437cdd93112ea90709fb753a774feb2f891ae48fd9cc3c9403f649ee4  lib/syscalls_x86_64_agnos.cyr
12d6e4875deb035a0167222d71193d67a8c68ece8f08216f8ac959bd384e5e64  lib/syscalls_x86_64_linux.cyr
30def7b0a8f770a2d66efeffd953aa4bf3f2b902207fec9104b569acdc6315b1  lib/tagged.cyr
802a6a65421c1c0499b137069812e8f158c9779a574da4fb5948cca382306abe  lib/vec.cyr
cyrius	6.6.9
